
Microsoft Visual Studio Solution File, Format Version 12.00
# Visual Studio Version 17
VisualStudioVersion = 17.14.36327.8 d17.14
MinimumVisualStudioVersion = 10.0.40219.1
Project("{FAE04EC0-301F-11D3-BF4B-00C04F79EFBC}") = "AuthServer", "AuthServer\AuthServer.csproj", "{A1D8232B-A938-4DA5-BD56-BA73A4667E9D}"
EndProject
Project("{FAE04EC0-301F-11D3-BF4B-00C04F79EFBC}") = "gRPC-dummy-client", "gRPC-dummy-client\gRPC-dummy-client.csproj", "{BA16D4FB-DD7F-4DA3-ABAE-3BAF106D11F2}"
EndProject
Global
	GlobalSection(SolutionConfigurationPlatforms) = preSolution
		Debug|Any CPU = Debug|Any CPU
		Release|Any CPU = Release|Any CPU
	EndGlobalSection
	GlobalSection(ProjectConfigurationPlatforms) = postSolution
		{A1D8232B-A938-4DA5-BD56-BA73A4667E9D}.Debug|Any CPU.ActiveCfg = Debug|Any CPU
		{A1D8232B-A938-4DA5-BD56-BA73A4667E9D}.Debug|Any CPU.Build.0 = Debug|Any CPU
		{A1D8232B-A938-4DA5-BD56-BA73A4667E9D}.Release|Any CPU.ActiveCfg = Release|Any CPU
		{A1D8232B-A938-4DA5-BD56-BA73A4667E9D}.Release|Any CPU.Build.0 = Release|Any CPU
		{BA16D4FB-DD7F-4DA3-ABAE-3BAF106D11F2}.Debug|Any CPU.ActiveCfg = Debug|Any CPU
		{BA16D4FB-DD7F-4DA3-ABAE-3BAF106D11F2}.Debug|Any CPU.Build.0 = Debug|Any CPU
		{BA16D4FB-DD7F-4DA3-ABAE-3BAF106D11F2}.Release|Any CPU.ActiveCfg = Release|Any CPU
		{BA16D4FB-DD7F-4DA3-ABAE-3BAF106D11F2}.Release|Any CPU.Build.0 = Release|Any CPU
	EndGlobalSection
	GlobalSection(SolutionProperties) = preSolution
		HideSolutionNode = FALSE
	EndGlobalSection
	GlobalSection(ExtensibilityGlobals) = postSolution
		SolutionGuid = {60923D8A-511E-4AA1-913D-200E4240E2EC}
	EndGlobalSection
EndGlobal
