<?xml version="1.0" encoding="utf-8"?>
<Project ToolsVersion="4.0" xmlns="http://schemas.microsoft.com/developer/msbuild/2003">
  <ItemGroup>
    <Filter Include="Main">
      <UniqueIdentifier>{81dbd6d7-7659-486e-9319-589ca742064b}</UniqueIdentifier>
    </Filter>
    <Filter Include="GameContents">
      <UniqueIdentifier>{36f14166-cf9c-4607-a4ca-a17b5307f83f}</UniqueIdentifier>
    </Filter>
    <Filter Include="Session">
      <UniqueIdentifier>{5bf3c202-577a-4113-acb5-8118448af2de}</UniqueIdentifier>
    </Filter>
    <Filter Include="Protocol">
      <UniqueIdentifier>{ba7a6c5b-515d-44b8-bd34-dcf6f1fedf98}</UniqueIdentifier>
    </Filter>
    <Filter Include="Auth">
      <UniqueIdentifier>{d469cb61-4da8-4fbe-bf2d-a480f020d2f4}</UniqueIdentifier>
    </Filter>
    <Filter Include="Config">
      <UniqueIdentifier>{bcc7bf58-da28-4833-927d-68c125f34589}</UniqueIdentifier>
    </Filter>
    <Filter Include="DB">
      <UniqueIdentifier>{6ef28bb6-9b0c-4022-bf03-fd41ae0a7440}</UniqueIdentifier>
    </Filter>
    <Filter Include="Repository">
      <UniqueIdentifier>{42e6fd31-6cb3-417c-a413-5cb20d70f5c2}</UniqueIdentifier>
    </Filter>
    <Filter Include="GameContents\Accounts">
      <UniqueIdentifier>{bfb6b4ca-3b0f-41a2-bfd7-0f812b9dd008}</UniqueIdentifier>
    </Filter>
    <Filter Include="GameContents\Rooms">
      <UniqueIdentifier>{53b872b9-9846-42a0-a610-4ba758e5f07b}</UniqueIdentifier>
    </Filter>
    <Filter Include="Shard">
      <UniqueIdentifier>{517d60da-12c6-4ce9-b2b7-5444a5df4d52}</UniqueIdentifier>
    </Filter>
    <Filter Include="GameContents\Maps">
      <UniqueIdentifier>{61ce9d40-9684-4117-99b0-9da3d10d52e1}</UniqueIdentifier>
    </Filter>
    <Filter Include="Utils">
      <UniqueIdentifier>{42096fb5-3698-450a-b570-590d69d7fd0c}</UniqueIdentifier>
    </Filter>
    <Filter Include="Core">
      <UniqueIdentifier>{3d0af478-f359-430b-b6e5-2395fa7f772c}</UniqueIdentifier>
    </Filter>
    <Filter Include="GameContents\Player">
      <UniqueIdentifier>{a102bfec-bce0-4734-aa06-1b22ee2997a1}</UniqueIdentifier>
    </Filter>
    <Filter Include="GameContents\Monster">
      <UniqueIdentifier>{4472cb5b-d647-4954-b52f-e30866ba7f51}</UniqueIdentifier>
    </Filter>
  </ItemGroup>
  <ItemGroup>
    <ClCompile Include="GameServer.cpp">
      <Filter>Main</Filter>
    </ClCompile>
    <ClCompile Include="pch.cpp">
      <Filter>Utils</Filter>
    </ClCompile>
    <ClCompile Include="GameSession.cpp">
      <Filter>Session</Filter>
    </ClCompile>
    <ClCompile Include="GameSessionAccessor.cpp">
      <Filter>Session</Filter>
    </ClCompile>
    <ClCompile Include="GameSessionContainer.cpp">
      <Filter>Session</Filter>
    </ClCompile>
    <ClCompile Include="ClientPacketHandler.cpp">
      <Filter>Main</Filter>
    </ClCompile>
    <ClCompile Include="JwtAuth.cpp">
      <Filter>Auth</Filter>
    </ClCompile>
    <ClCompile Include="AppConfig.cpp">
      <Filter>Config</Filter>
    </ClCompile>
    <ClCompile Include="AccountRepository.cpp">
      <Filter>Repository</Filter>
    </ClCompile>
    <ClCompile Include="DBDisPatcher.cpp">
      <Filter>DB</Filter>
    </ClCompile>
    <ClCompile Include="DBWorker.cpp">
      <Filter>DB</Filter>
    </ClCompile>
    <ClCompile Include="Protocol.pb.cc">
      <Filter>Protocol</Filter>
    </ClCompile>
    <ClCompile Include="CharacterRepository.cpp">
      <Filter>Repository</Filter>
    </ClCompile>
    <ClCompile Include="Room.cpp">
      <Filter>GameContents\Rooms</Filter>
    </ClCompile>
    <ClCompile Include="TownRoom.cpp">
      <Filter>GameContents\Rooms</Filter>
    </ClCompile>
    <ClCompile Include="RoomManager.cpp">
      <Filter>GameContents\Rooms</Filter>
    </ClCompile>
    <ClCompile Include="ShardBoot.cpp">
      <Filter>Shard</Filter>
    </ClCompile>
    <ClCompile Include="GlobalQueueShard.cpp">
      <Filter>Shard</Filter>
    </ClCompile>
    <ClCompile Include="SharedOwner.cpp">
      <Filter>Shard</Filter>
    </ClCompile>
    <ClCompile Include="MapData.cpp">
      <Filter>GameContents\Maps</Filter>
    </ClCompile>
    <ClCompile Include="FieldRoom.cpp">
      <Filter>GameContents\Rooms</Filter>
    </ClCompile>
    <ClCompile Include="EntityCore.cpp">
      <Filter>Core</Filter>
    </ClCompile>
    <ClCompile Include="GeometryCore.cpp">
      <Filter>Core</Filter>
    </ClCompile>
    <ClCompile Include="TypeCore.cpp">
      <Filter>Core</Filter>
    </ClCompile>
    <ClCompile Include="Player.cpp">
      <Filter>GameContents\Player</Filter>
    </ClCompile>
    <ClCompile Include="MonsterContainer.cpp">
      <Filter>GameContents\Monster</Filter>
    </ClCompile>
    <ClCompile Include="MonsterSpawnerSystem.cpp">
      <Filter>GameContents\Monster</Filter>
    </ClCompile>
    <ClCompile Include="MonsterMovementSystem.cpp">
      <Filter>GameContents\Monster</Filter>
    </ClCompile>
    <ClCompile Include="MonsterCombatSystem.cpp">
      <Filter>GameContents\Monster</Filter>
    </ClCompile>
    <ClCompile Include="MonsterService.cpp">
      <Filter>GameContents\Monster</Filter>
    </ClCompile>
    <ClCompile Include="PlayerCombatSystem.cpp">
      <Filter>GameContents\Player</Filter>
    </ClCompile>
    <ClCompile Include="TimeUtils.cpp">
      <Filter>Utils</Filter>
    </ClCompile>
  </ItemGroup>
  <ItemGroup>
    <ClInclude Include="pch.h">
      <Filter>Utils</Filter>
    </ClInclude>
    <ClInclude Include="GameSessionContainer.h">
      <Filter>Session</Filter>
    </ClInclude>
    <ClInclude Include="GameSession.h">
      <Filter>Session</Filter>
    </ClInclude>
    <ClInclude Include="GameSessionAccessor.h">
      <Filter>Session</Filter>
    </ClInclude>
    <ClInclude Include="JwtAuth.h">
      <Filter>Auth</Filter>
    </ClInclude>
    <ClInclude Include="AppConfig.h">
      <Filter>Config</Filter>
    </ClInclude>
    <ClInclude Include="GenProcedures.h">
      <Filter>DB</Filter>
    </ClInclude>
    <ClInclude Include="StringConvert.h">
      <Filter>Utils</Filter>
    </ClInclude>
    <ClInclude Include="Account.h">
      <Filter>GameContents\Accounts</Filter>
    </ClInclude>
    <ClInclude Include="AccountRepository.h">
      <Filter>Repository</Filter>
    </ClInclude>
    <ClInclude Include="DBDisPatcher.h">
      <Filter>DB</Filter>
    </ClInclude>
    <ClInclude Include="DBWorker.h">
      <Filter>DB</Filter>
    </ClInclude>
    <ClInclude Include="Protocol.pb.h">
      <Filter>Protocol</Filter>
    </ClInclude>
    <ClInclude Include="ClientPacketHandler.h">
      <Filter>Main</Filter>
    </ClInclude>
    <ClInclude Include="CharacterRepository.h">
      <Filter>Repository</Filter>
    </ClInclude>
    <ClInclude Include="Room.h">
      <Filter>GameContents\Rooms</Filter>
    </ClInclude>
    <ClInclude Include="TownRoom.h">
      <Filter>GameContents\Rooms</Filter>
    </ClInclude>
    <ClInclude Include="RoomManager.h">
      <Filter>GameContents\Rooms</Filter>
    </ClInclude>
    <ClInclude Include="IJobQueueOwner.h">
      <Filter>Shard</Filter>
    </ClInclude>
    <ClInclude Include="GlobalQueueShard.h">
      <Filter>Shard</Filter>
    </ClInclude>
    <ClInclude Include="SharedOwner.h">
      <Filter>Shard</Filter>
    </ClInclude>
    <ClInclude Include="ShardBoot.h">
      <Filter>Shard</Filter>
    </ClInclude>
    <ClInclude Include="MapData.h">
      <Filter>GameContents\Maps</Filter>
    </ClInclude>
    <ClInclude Include="FieldRoom.h">
      <Filter>GameContents\Rooms</Filter>
    </ClInclude>
    <ClInclude Include="TypeCore.h">
      <Filter>Core</Filter>
    </ClInclude>
    <ClInclude Include="EntityCore.h">
      <Filter>Core</Filter>
    </ClInclude>
    <ClInclude Include="GeometryCore.h">
      <Filter>Core</Filter>
    </ClInclude>
    <ClInclude Include="Player.h">
      <Filter>GameContents\Player</Filter>
    </ClInclude>
    <ClInclude Include="MonsterTypes.h">
      <Filter>GameContents\Monster</Filter>
    </ClInclude>
    <ClInclude Include="MonsterContainer.h">
      <Filter>GameContents\Monster</Filter>
    </ClInclude>
    <ClInclude Include="MonsterPorts.h">
      <Filter>GameContents\Monster</Filter>
    </ClInclude>
    <ClInclude Include="MonsterSpawnerSystem.h">
      <Filter>GameContents\Monster</Filter>
    </ClInclude>
    <ClInclude Include="MonsterMovementSystem.h">
      <Filter>GameContents\Monster</Filter>
    </ClInclude>
    <ClInclude Include="MonsterCombatSystem.h">
      <Filter>GameContents\Monster</Filter>
    </ClInclude>
    <ClInclude Include="MonsterService.h">
      <Filter>GameContents\Monster</Filter>
    </ClInclude>
    <ClInclude Include="PlayerPorts.h">
      <Filter>GameContents\Player</Filter>
    </ClInclude>
    <ClInclude Include="PlayerCombatSystem.h">
      <Filter>GameContents\Player</Filter>
    </ClInclude>
    <ClInclude Include="ProtocolHelper.h">
      <Filter>Protocol</Filter>
    </ClInclude>
    <ClInclude Include="TimeUtils.h">
      <Filter>Utils</Filter>
    </ClInclude>
  </ItemGroup>
  <ItemGroup>
    <None Include="appsettings.json">
      <Filter>Config</Filter>
    </None>
    <None Include="..\..\iocp-server-unity-client-demo\iocp_server_cpp\Common\Procedures\GenProcs.bat">
      <Filter>DB</Filter>
    </None>
    <None Include="..\Protocol\Protocol.proto">
      <Filter>Protocol</Filter>
    </None>
  </ItemGroup>
  <ItemGroup>
    <Xml Include="GameDB.xml">
      <Filter>DB</Filter>
    </Xml>
  </ItemGroup>
</Project>