
Microsoft Visual Studio Solution File, Format Version 12.00
# Visual Studio 15
Project("{FAE04EC0-301F-11D3-BF4B-00C04F79EFBC}") = "Assembly-CSharp", "Assembly-CSharp.csproj", "{C96519A7-3D05-B07F-4495-5A060B81C89C}"
EndProject
Global
	GlobalSection(SolutionConfigurationPlatforms) = preSolution
		Debug|Any CPU = Debug|Any CPU
		Release|Any CPU = Release|Any CPU
	EndGlobalSection
	GlobalSection(ProjectConfigurationPlatforms) = postSolution
		{C96519A7-3D05-B07F-4495-5A060B81C89C}.Debug|Any CPU.ActiveCfg = Debug|Any CPU
		{C96519A7-3D05-B07F-4495-5A060B81C89C}.Debug|Any CPU.Build.0 = Debug|Any CPU
		{C96519A7-3D05-B07F-4495-5A060B81C89C}.Release|Any CPU.ActiveCfg = Release|Any CPU
		{C96519A7-3D05-B07F-4495-5A060B81C89C}.Release|Any CPU.Build.0 = Release|Any CPU
	EndGlobalSection
	GlobalSection(SolutionProperties) = preSolution
		HideSolutionNode = FALSE
	EndGlobalSection
EndGlobal
